// !$*UTF8*$!
{
	archiveVersion = 1;
	classes = {
	};
	objectVersion = 50;
	objects = {

/* Begin PBXBuildFile section */
		985B7FDF26D2E43F00F66927 /* AppDelegate.swift in Sources */ = {isa = PBXBuildFile; fileRef = 985B7FDE26D2E43F00F66927 /* AppDelegate.swift */; };
		985B7FE126D2E43F00F66927 /* SceneDelegate.swift in Sources */ = {isa = PBXBuildFile; fileRef = 985B7FE026D2E43F00F66927 /* SceneDelegate.swift */; };
		985B7FE326D2E43F00F66927 /* ViewController.swift in Sources */ = {isa = PBXBuildFile; fileRef = 985B7FE226D2E43F00F66927 /* ViewController.swift */; };
		985B7FE626D2E43F00F66927 /* Main.storyboard in Resources */ = {isa = PBXBuildFile; fileRef = 985B7FE426D2E43F00F66927 /* Main.storyboard */; };
		985B7FE826D2E44200F66927 /* Assets.xcassets in Resources */ = {isa = PBXBuildFile; fileRef = 985B7FE726D2E44200F66927 /* Assets.xcassets */; };
		985B7FEB26D2E44200F66927 /* LaunchScreen.storyboard in Resources */ = {isa = PBXBuildFile; fileRef = 985B7FE926D2E44200F66927 /* LaunchScreen.storyboard */; };
		985B7FF626D2E44200F66927 /* EssentialAppTests.swift in Sources */ = {isa = PBXBuildFile; fileRef = 985B7FF526D2E44200F66927 /* EssentialAppTests.swift */; };
		985B800126D2E44300F66927 /* EssentialAppUITests.swift in Sources */ = {isa = PBXBuildFile; fileRef = 985B800026D2E44300F66927 /* EssentialAppUITests.swift */; };
		985B801126D2E56700F66927 /* EssentialFeed.framework in Frameworks */ = {isa = PBXBuildFile; fileRef = 985B800F26D2E56700F66927 /* EssentialFeed.framework */; };
		985B801226D2E56700F66927 /* EssentialFeed.framework in Embed Frameworks */ = {isa = PBXBuildFile; fileRef = 985B800F26D2E56700F66927 /* EssentialFeed.framework */; settings = {ATTRIBUTES = (CodeSignOnCopy, RemoveHeadersOnCopy, ); }; };
		985B801326D2E56700F66927 /* EssentialFeediOS.framework in Frameworks */ = {isa = PBXBuildFile; fileRef = 985B801026D2E56700F66927 /* EssentialFeediOS.framework */; };
		985B801426D2E56700F66927 /* EssentialFeediOS.framework in Embed Frameworks */ = {isa = PBXBuildFile; fileRef = 985B801026D2E56700F66927 /* EssentialFeediOS.framework */; settings = {ATTRIBUTES = (CodeSignOnCopy, RemoveHeadersOnCopy, ); }; };
		9875503526D54CDB009B570B /* FeedLoaderWithFallbackCompositeTests.swift in Sources */ = {isa = PBXBuildFile; fileRef = 9875503426D54CDB009B570B /* FeedLoaderWithFallbackCompositeTests.swift */; };
/* End PBXBuildFile section */

/* Begin PBXContainerItemProxy section */
		985B7FF226D2E44200F66927 /* PBXContainerItemProxy */ = {
			isa = PBXContainerItemProxy;
			containerPortal = 985B7FD326D2E43F00F66927 /* Project object */;
			proxyType = 1;
			remoteGlobalIDString = 985B7FDA26D2E43F00F66927;
			remoteInfo = EssentialApp;
		};
		985B7FFD26D2E44300F66927 /* PBXContainerItemProxy */ = {
			isa = PBXContainerItemProxy;
			containerPortal = 985B7FD326D2E43F00F66927 /* Project object */;
			proxyType = 1;
			remoteGlobalIDString = 985B7FDA26D2E43F00F66927;
			remoteInfo = EssentialApp;
		};
/* End PBXContainerItemProxy section */

/* Begin PBXCopyFilesBuildPhase section */
		985B801526D2E56700F66927 /* Embed Frameworks */ = {
			isa = PBXCopyFilesBuildPhase;
			buildActionMask = 2147483647;
			dstPath = "";
			dstSubfolderSpec = 10;
			files = (
				985B801226D2E56700F66927 /* EssentialFeed.framework in Embed Frameworks */,
				985B801426D2E56700F66927 /* EssentialFeediOS.framework in Embed Frameworks */,
			);
			name = "Embed Frameworks";
			runOnlyForDeploymentPostprocessing = 0;
		};
/* End PBXCopyFilesBuildPhase section */

/* Begin PBXFileReference section */
		985B7FDB26D2E43F00F66927 /* EssentialApp.app */ = {isa = PBXFileReference; explicitFileType = wrapper.application; includeInIndex = 0; path = EssentialApp.app; sourceTree = BUILT_PRODUCTS_DIR; };
		985B7FDE26D2E43F00F66927 /* AppDelegate.swift */ = {isa = PBXFileReference; lastKnownFileType = sourcecode.swift; path = AppDelegate.swift; sourceTree = "<group>"; };
		985B7FE026D2E43F00F66927 /* SceneDelegate.swift */ = {isa = PBXFileReference; lastKnownFileType = sourcecode.swift; path = SceneDelegate.swift; sourceTree = "<group>"; };
		985B7FE226D2E43F00F66927 /* ViewController.swift */ = {isa = PBXFileReference; lastKnownFileType = sourcecode.swift; path = ViewController.swift; sourceTree = "<group>"; };
		985B7FE526D2E43F00F66927 /* Base */ = {isa = PBXFileReference; lastKnownFileType = file.storyboard; name = Base; path = Base.lproj/Main.storyboard; sourceTree = "<group>"; };
		985B7FE726D2E44200F66927 /* Assets.xcassets */ = {isa = PBXFileReference; lastKnownFileType = folder.assetcatalog; path = Assets.xcassets; sourceTree = "<group>"; };
		985B7FEA26D2E44200F66927 /* Base */ = {isa = PBXFileReference; lastKnownFileType = file.storyboard; name = Base; path = Base.lproj/LaunchScreen.storyboard; sourceTree = "<group>"; };
		985B7FEC26D2E44200F66927 /* Info.plist */ = {isa = PBXFileReference; lastKnownFileType = text.plist.xml; path = Info.plist; sourceTree = "<group>"; };
		985B7FF126D2E44200F66927 /* EssentialAppTests.xctest */ = {isa = PBXFileReference; explicitFileType = wrapper.cfbundle; includeInIndex = 0; path = EssentialAppTests.xctest; sourceTree = BUILT_PRODUCTS_DIR; };
		985B7FF526D2E44200F66927 /* EssentialAppTests.swift */ = {isa = PBXFileReference; lastKnownFileType = sourcecode.swift; path = EssentialAppTests.swift; sourceTree = "<group>"; };
		985B7FF726D2E44200F66927 /* Info.plist */ = {isa = PBXFileReference; lastKnownFileType = text.plist.xml; path = Info.plist; sourceTree = "<group>"; };
		985B7FFC26D2E44300F66927 /* EssentialAppUITests.xctest */ = {isa = PBXFileReference; explicitFileType = wrapper.cfbundle; includeInIndex = 0; path = EssentialAppUITests.xctest; sourceTree = BUILT_PRODUCTS_DIR; };
		985B800026D2E44300F66927 /* EssentialAppUITests.swift */ = {isa = PBXFileReference; lastKnownFileType = sourcecode.swift; path = EssentialAppUITests.swift; sourceTree = "<group>"; };
		985B800226D2E44300F66927 /* Info.plist */ = {isa = PBXFileReference; lastKnownFileType = text.plist.xml; path = Info.plist; sourceTree = "<group>"; };
		985B800F26D2E56700F66927 /* EssentialFeed.framework */ = {isa = PBXFileReference; explicitFileType = wrapper.framework; path = EssentialFeed.framework; sourceTree = BUILT_PRODUCTS_DIR; };
		985B801026D2E56700F66927 /* EssentialFeediOS.framework */ = {isa = PBXFileReference; explicitFileType = wrapper.framework; path = EssentialFeediOS.framework; sourceTree = BUILT_PRODUCTS_DIR; };
		9875503426D54CDB009B570B /* FeedLoaderWithFallbackCompositeTests.swift */ = {isa = PBXFileReference; lastKnownFileType = sourcecode.swift; path = FeedLoaderWithFallbackCompositeTests.swift; sourceTree = "<group>"; };
/* End PBXFileReference section */

/* Begin PBXFrameworksBuildPhase section */
		985B7FD826D2E43F00F66927 /* Frameworks */ = {
			isa = PBXFrameworksBuildPhase;
			buildActionMask = 2147483647;
			files = (
				985B801126D2E56700F66927 /* EssentialFeed.framework in Frameworks */,
				985B801326D2E56700F66927 /* EssentialFeediOS.framework in Frameworks */,
			);
			runOnlyForDeploymentPostprocessing = 0;
		};
		985B7FEE26D2E44200F66927 /* Frameworks */ = {
			isa = PBXFrameworksBuildPhase;
			buildActionMask = 2147483647;
			files = (
			);
			runOnlyForDeploymentPostprocessing = 0;
		};
		985B7FF926D2E44300F66927 /* Frameworks */ = {
			isa = PBXFrameworksBuildPhase;
			buildActionMask = 2147483647;
			files = (
			);
			runOnlyForDeploymentPostprocessing = 0;
		};
/* End PBXFrameworksBuildPhase section */

/* Begin PBXGroup section */
		985B7FD226D2E43F00F66927 = {
			isa = PBXGroup;
			children = (
				985B7FDD26D2E43F00F66927 /* EssentialApp */,
				985B7FF426D2E44200F66927 /* EssentialAppTests */,
				985B7FFF26D2E44300F66927 /* EssentialAppUITests */,
				985B7FDC26D2E43F00F66927 /* Products */,
				985B800E26D2E56700F66927 /* Frameworks */,
			);
			sourceTree = "<group>";
		};
		985B7FDC26D2E43F00F66927 /* Products */ = {
			isa = PBXGroup;
			children = (
				985B7FDB26D2E43F00F66927 /* EssentialApp.app */,
				985B7FF126D2E44200F66927 /* EssentialAppTests.xctest */,
				985B7FFC26D2E44300F66927 /* EssentialAppUITests.xctest */,
			);
			name = Products;
			sourceTree = "<group>";
		};
		985B7FDD26D2E43F00F66927 /* EssentialApp */ = {
			isa = PBXGroup;
			children = (
				985B7FDE26D2E43F00F66927 /* AppDelegate.swift */,
				985B7FE026D2E43F00F66927 /* SceneDelegate.swift */,
				985B7FE226D2E43F00F66927 /* ViewController.swift */,
				985B7FE426D2E43F00F66927 /* Main.storyboard */,
				985B7FE726D2E44200F66927 /* Assets.xcassets */,
				985B7FE926D2E44200F66927 /* LaunchScreen.storyboard */,
				985B7FEC26D2E44200F66927 /* Info.plist */,
			);
			path = EssentialApp;
			sourceTree = "<group>";
		};
		985B7FF426D2E44200F66927 /* EssentialAppTests */ = {
			isa = PBXGroup;
			children = (
				985B7FF526D2E44200F66927 /* EssentialAppTests.swift */,
				985B7FF726D2E44200F66927 /* Info.plist */,
				9875503426D54CDB009B570B /* FeedLoaderWithFallbackCompositeTests.swift */,
			);
			path = EssentialAppTests;
			sourceTree = "<group>";
		};
		985B7FFF26D2E44300F66927 /* EssentialAppUITests */ = {
			isa = PBXGroup;
			children = (
				985B800026D2E44300F66927 /* EssentialAppUITests.swift */,
				985B800226D2E44300F66927 /* Info.plist */,
			);
			path = EssentialAppUITests;
			sourceTree = "<group>";
		};
		985B800E26D2E56700F66927 /* Frameworks */ = {
			isa = PBXGroup;
			children = (
				985B800F26D2E56700F66927 /* EssentialFeed.framework */,
				985B801026D2E56700F66927 /* EssentialFeediOS.framework */,
			);
			name = Frameworks;
			sourceTree = "<group>";
		};
/* End PBXGroup section */

/* Begin PBXNativeTarget section */
		985B7FDA26D2E43F00F66927 /* EssentialApp */ = {
			isa = PBXNativeTarget;
			buildConfigurationList = 985B800526D2E44300F66927 /* Build configuration list for PBXNativeTarget "EssentialApp" */;
			buildPhases = (
				985B7FD726D2E43F00F66927 /* Sources */,
				985B7FD826D2E43F00F66927 /* Frameworks */,
				985B7FD926D2E43F00F66927 /* Resources */,
				985B801526D2E56700F66927 /* Embed Frameworks */,
			);
			buildRules = (
			);
			dependencies = (
			);
			name = EssentialApp;
			productName = EssentialApp;
			productReference = 985B7FDB26D2E43F00F66927 /* EssentialApp.app */;
			productType = "com.apple.product-type.application";
		};
		985B7FF026D2E44200F66927 /* EssentialAppTests */ = {
			isa = PBXNativeTarget;
			buildConfigurationList = 985B800826D2E44300F66927 /* Build configuration list for PBXNativeTarget "EssentialAppTests" */;
			buildPhases = (
				985B7FED26D2E44200F66927 /* Sources */,
				985B7FEE26D2E44200F66927 /* Frameworks */,
				985B7FEF26D2E44200F66927 /* Resources */,
			);
			buildRules = (
			);
			dependencies = (
				985B7FF326D2E44200F66927 /* PBXTargetDependency */,
			);
			name = EssentialAppTests;
			productName = EssentialAppTests;
			productReference = 985B7FF126D2E44200F66927 /* EssentialAppTests.xctest */;
			productType = "com.apple.product-type.bundle.unit-test";
		};
		985B7FFB26D2E44300F66927 /* EssentialAppUITests */ = {
			isa = PBXNativeTarget;
			buildConfigurationList = 985B800B26D2E44300F66927 /* Build configuration list for PBXNativeTarget "EssentialAppUITests" */;
			buildPhases = (
				985B7FF826D2E44300F66927 /* Sources */,
				985B7FF926D2E44300F66927 /* Frameworks */,
				985B7FFA26D2E44300F66927 /* Resources */,
			);
			buildRules = (
			);
			dependencies = (
				985B7FFE26D2E44300F66927 /* PBXTargetDependency */,
			);
			name = EssentialAppUITests;
			productName = EssentialAppUITests;
			productReference = 985B7FFC26D2E44300F66927 /* EssentialAppUITests.xctest */;
			productType = "com.apple.product-type.bundle.ui-testing";
		};
/* End PBXNativeTarget section */

/* Begin PBXProject section */
		985B7FD326D2E43F00F66927 /* Project object */ = {
			isa = PBXProject;
			attributes = {
				LastSwiftUpdateCheck = 1250;
				LastUpgradeCheck = 1250;
				TargetAttributes = {
					985B7FDA26D2E43F00F66927 = {
						CreatedOnToolsVersion = 12.5;
					};
					985B7FF026D2E44200F66927 = {
						CreatedOnToolsVersion = 12.5;
						TestTargetID = 985B7FDA26D2E43F00F66927;
					};
					985B7FFB26D2E44300F66927 = {
						CreatedOnToolsVersion = 12.5;
						TestTargetID = 985B7FDA26D2E43F00F66927;
					};
				};
			};
			buildConfigurationList = 985B7FD626D2E43F00F66927 /* Build configuration list for PBXProject "EssentialApp" */;
			compatibilityVersion = "Xcode 9.3";
			developmentRegion = en;
			hasScannedForEncodings = 0;
			knownRegions = (
				en,
				Base,
			);
			mainGroup = 985B7FD226D2E43F00F66927;
			productRefGroup = 985B7FDC26D2E43F00F66927 /* Products */;
			projectDirPath = "";
			projectRoot = "";
			targets = (
				985B7FDA26D2E43F00F66927 /* EssentialApp */,
				985B7FF026D2E44200F66927 /* EssentialAppTests */,
				985B7FFB26D2E44300F66927 /* EssentialAppUITests */,
			);
		};
/* End PBXProject section */

/* Begin PBXResourcesBuildPhase section */
		985B7FD926D2E43F00F66927 /* Resources */ = {
			isa = PBXResourcesBuildPhase;
			buildActionMask = 2147483647;
			files = (
				985B7FEB26D2E44200F66927 /* LaunchScreen.storyboard in Resources */,
				985B7FE826D2E44200F66927 /* Assets.xcassets in Resources */,
				985B7FE626D2E43F00F66927 /* Main.storyboard in Resources */,
			);
			runOnlyForDeploymentPostprocessing = 0;
		};
		985B7FEF26D2E44200F66927 /* Resources */ = {
			isa = PBXResourcesBuildPhase;
			buildActionMask = 2147483647;
			files = (
			);
			runOnlyForDeploymentPostprocessing = 0;
		};
		985B7FFA26D2E44300F66927 /* Resources */ = {
			isa = PBXResourcesBuildPhase;
			buildActionMask = 2147483647;
			files = (
			);
			runOnlyForDeploymentPostprocessing = 0;
		};
/* End PBXResourcesBuildPhase section */

/* Begin PBXSourcesBuildPhase section */
		985B7FD726D2E43F00F66927 /* Sources */ = {
			isa = PBXSourcesBuildPhase;
			buildActionMask = 2147483647;
			files = (
				985B7FE326D2E43F00F66927 /* ViewController.swift in Sources */,
				985B7FDF26D2E43F00F66927 /* AppDelegate.swift in Sources */,
				985B7FE126D2E43F00F66927 /* SceneDelegate.swift in Sources */,
			);
			runOnlyForDeploymentPostprocessing = 0;
		};
		985B7FED26D2E44200F66927 /* Sources */ = {
			isa = PBXSourcesBuildPhase;
			buildActionMask = 2147483647;
			files = (
				9875503526D54CDB009B570B /* FeedLoaderWithFallbackCompositeTests.swift in Sources */,
				985B7FF626D2E44200F66927 /* EssentialAppTests.swift in Sources */,
			);
			runOnlyForDeploymentPostprocessing = 0;
		};
		985B7FF826D2E44300F66927 /* Sources */ = {
			isa = PBXSourcesBuildPhase;
			buildActionMask = 2147483647;
			files = (
				985B800126D2E44300F66927 /* EssentialAppUITests.swift in Sources */,
			);
			runOnlyForDeploymentPostprocessing = 0;
		};
/* End PBXSourcesBuildPhase section */

/* Begin PBXTargetDependency section */
		985B7FF326D2E44200F66927 /* PBXTargetDependency */ = {
			isa = PBXTargetDependency;
			target = 985B7FDA26D2E43F00F66927 /* EssentialApp */;
			targetProxy = 985B7FF226D2E44200F66927 /* PBXContainerItemProxy */;
		};
		985B7FFE26D2E44300F66927 /* PBXTargetDependency */ = {
			isa = PBXTargetDependency;
			target = 985B7FDA26D2E43F00F66927 /* EssentialApp */;
			targetProxy = 985B7FFD26D2E44300F66927 /* PBXContainerItemProxy */;
		};
/* End PBXTargetDependency section */

/* Begin PBXVariantGroup section */
		985B7FE426D2E43F00F66927 /* Main.storyboard */ = {
			isa = PBXVariantGroup;
			children = (
				985B7FE526D2E43F00F66927 /* Base */,
			);
			name = Main.storyboard;
			sourceTree = "<group>";
		};
		985B7FE926D2E44200F66927 /* LaunchScreen.storyboard */ = {
			isa = PBXVariantGroup;
			children = (
				985B7FEA26D2E44200F66927 /* Base */,
			);
			name = LaunchScreen.storyboard;
			sourceTree = "<group>";
		};
/* End PBXVariantGroup section */

/* Begin XCBuildConfiguration section */
		985B800326D2E44300F66927 /* Debug */ = {
			isa = XCBuildConfiguration;
			buildSettings = {
				ALWAYS_SEARCH_USER_PATHS = NO;
				CLANG_ANALYZER_NONNULL = YES;
				CLANG_ANALYZER_NUMBER_OBJECT_CONVERSION = YES_AGGRESSIVE;
				CLANG_CXX_LANGUAGE_STANDARD = "gnu++14";
				CLANG_CXX_LIBRARY = "libc++";
				CLANG_ENABLE_MODULES = YES;
				CLANG_ENABLE_OBJC_ARC = YES;
				CLANG_ENABLE_OBJC_WEAK = YES;
				CLANG_WARN_BLOCK_CAPTURE_AUTORELEASING = YES;
				CLANG_WARN_BOOL_CONVERSION = YES;
				CLANG_WARN_COMMA = YES;
				CLANG_WARN_CONSTANT_CONVERSION = YES;
				CLANG_WARN_DEPRECATED_OBJC_IMPLEMENTATIONS = YES;
				CLANG_WARN_DIRECT_OBJC_ISA_USAGE = YES_ERROR;
				CLANG_WARN_DOCUMENTATION_COMMENTS = YES;
				CLANG_WARN_EMPTY_BODY = YES;
				CLANG_WARN_ENUM_CONVERSION = YES;
				CLANG_WARN_INFINITE_RECURSION = YES;
				CLANG_WARN_INT_CONVERSION = YES;
				CLANG_WARN_NON_LITERAL_NULL_CONVERSION = YES;
				CLANG_WARN_OBJC_IMPLICIT_RETAIN_SELF = YES;
				CLANG_WARN_OBJC_LITERAL_CONVERSION = YES;
				CLANG_WARN_OBJC_ROOT_CLASS = YES_ERROR;
				CLANG_WARN_QUOTED_INCLUDE_IN_FRAMEWORK_HEADER = YES;
				CLANG_WARN_RANGE_LOOP_ANALYSIS = YES;
				CLANG_WARN_STRICT_PROTOTYPES = YES;
				CLANG_WARN_SUSPICIOUS_MOVE = YES;
				CLANG_WARN_UNGUARDED_AVAILABILITY = YES_AGGRESSIVE;
				CLANG_WARN_UNREACHABLE_CODE = YES;
				CLANG_WARN__DUPLICATE_METHOD_MATCH = YES;
				COPY_PHASE_STRIP = NO;
				DEBUG_INFORMATION_FORMAT = dwarf;
				ENABLE_STRICT_OBJC_MSGSEND = YES;
				ENABLE_TESTABILITY = YES;
				GCC_C_LANGUAGE_STANDARD = gnu11;
				GCC_DYNAMIC_NO_PIC = NO;
				GCC_NO_COMMON_BLOCKS = YES;
				GCC_OPTIMIZATION_LEVEL = 0;
				GCC_PREPROCESSOR_DEFINITIONS = (
					"DEBUG=1",
					"$(inherited)",
				);
				GCC_WARN_64_TO_32_BIT_CONVERSION = YES;
				GCC_WARN_ABOUT_RETURN_TYPE = YES_ERROR;
				GCC_WARN_UNDECLARED_SELECTOR = YES;
				GCC_WARN_UNINITIALIZED_AUTOS = YES_AGGRESSIVE;
				GCC_WARN_UNUSED_FUNCTION = YES;
				GCC_WARN_UNUSED_VARIABLE = YES;
				IPHONEOS_DEPLOYMENT_TARGET = 14.5;
				MTL_ENABLE_DEBUG_INFO = INCLUDE_SOURCE;
				MTL_FAST_MATH = YES;
				ONLY_ACTIVE_ARCH = YES;
				SDKROOT = iphoneos;
				SWIFT_ACTIVE_COMPILATION_CONDITIONS = DEBUG;
				SWIFT_OPTIMIZATION_LEVEL = "-Onone";
			};
			name = Debug;
		};
		985B800426D2E44300F66927 /* Release */ = {
			isa = XCBuildConfiguration;
			buildSettings = {
				ALWAYS_SEARCH_USER_PATHS = NO;
				CLANG_ANALYZER_NONNULL = YES;
				CLANG_ANALYZER_NUMBER_OBJECT_CONVERSION = YES_AGGRESSIVE;
				CLANG_CXX_LANGUAGE_STANDARD = "gnu++14";
				CLANG_CXX_LIBRARY = "libc++";
				CLANG_ENABLE_MODULES = YES;
				CLANG_ENABLE_OBJC_ARC = YES;
				CLANG_ENABLE_OBJC_WEAK = YES;
				CLANG_WARN_BLOCK_CAPTURE_AUTORELEASING = YES;
				CLANG_WARN_BOOL_CONVERSION = YES;
				CLANG_WARN_COMMA = YES;
				CLANG_WARN_CONSTANT_CONVERSION = YES;
				CLANG_WARN_DEPRECATED_OBJC_IMPLEMENTATIONS = YES;
				CLANG_WARN_DIRECT_OBJC_ISA_USAGE = YES_ERROR;
				CLANG_WARN_DOCUMENTATION_COMMENTS = YES;
				CLANG_WARN_EMPTY_BODY = YES;
				CLANG_WARN_ENUM_CONVERSION = YES;
				CLANG_WARN_INFINITE_RECURSION = YES;
				CLANG_WARN_INT_CONVERSION = YES;
				CLANG_WARN_NON_LITERAL_NULL_CONVERSION = YES;
				CLANG_WARN_OBJC_IMPLICIT_RETAIN_SELF = YES;
				CLANG_WARN_OBJC_LITERAL_CONVERSION = YES;
				CLANG_WARN_OBJC_ROOT_CLASS = YES_ERROR;
				CLANG_WARN_QUOTED_INCLUDE_IN_FRAMEWORK_HEADER = YES;
				CLANG_WARN_RANGE_LOOP_ANALYSIS = YES;
				CLANG_WARN_STRICT_PROTOTYPES = YES;
				CLANG_WARN_SUSPICIOUS_MOVE = YES;
				CLANG_WARN_UNGUARDED_AVAILABILITY = YES_AGGRESSIVE;
				CLANG_WARN_UNREACHABLE_CODE = YES;
				CLANG_WARN__DUPLICATE_METHOD_MATCH = YES;
				COPY_PHASE_STRIP = NO;
				DEBUG_INFORMATION_FORMAT = "dwarf-with-dsym";
				ENABLE_NS_ASSERTIONS = NO;
				ENABLE_STRICT_OBJC_MSGSEND = YES;
				GCC_C_LANGUAGE_STANDARD = gnu11;
				GCC_NO_COMMON_BLOCKS = YES;
				GCC_WARN_64_TO_32_BIT_CONVERSION = YES;
				GCC_WARN_ABOUT_RETURN_TYPE = YES_ERROR;
				GCC_WARN_UNDECLARED_SELECTOR = YES;
				GCC_WARN_UNINITIALIZED_AUTOS = YES_AGGRESSIVE;
				GCC_WARN_UNUSED_FUNCTION = YES;
				GCC_WARN_UNUSED_VARIABLE = YES;
				IPHONEOS_DEPLOYMENT_TARGET = 14.5;
				MTL_ENABLE_DEBUG_INFO = NO;
				MTL_FAST_MATH = YES;
				SDKROOT = iphoneos;
				SWIFT_COMPILATION_MODE = wholemodule;
				SWIFT_OPTIMIZATION_LEVEL = "-O";
				VALIDATE_PRODUCT = YES;
			};
			name = Release;
		};
		985B800626D2E44300F66927 /* Debug */ = {
			isa = XCBuildConfiguration;
			buildSettings = {
				ASSETCATALOG_COMPILER_APPICON_NAME = AppIcon;
				ASSETCATALOG_COMPILER_GLOBAL_ACCENT_COLOR_NAME = AccentColor;
				CODE_SIGN_STYLE = Automatic;
				DEVELOPMENT_TEAM = N6A67846KN;
				INFOPLIST_FILE = EssentialApp/Info.plist;
				LD_RUNPATH_SEARCH_PATHS = (
					"$(inherited)",
					"@executable_path/Frameworks",
				);
				PRODUCT_BUNDLE_IDENTIFIER = com.sherif.EssentialApp;
				PRODUCT_NAME = "$(TARGET_NAME)";
				SWIFT_VERSION = 5.0;
				TARGETED_DEVICE_FAMILY = "1,2";
			};
			name = Debug;
		};
		985B800726D2E44300F66927 /* Release */ = {
			isa = XCBuildConfiguration;
			buildSettings = {
				ASSETCATALOG_COMPILER_APPICON_NAME = AppIcon;
				ASSETCATALOG_COMPILER_GLOBAL_ACCENT_COLOR_NAME = AccentColor;
				CODE_SIGN_STYLE = Automatic;
				DEVELOPMENT_TEAM = N6A67846KN;
				INFOPLIST_FILE = EssentialApp/Info.plist;
				LD_RUNPATH_SEARCH_PATHS = (
					"$(inherited)",
					"@executable_path/Frameworks",
				);
				PRODUCT_BUNDLE_IDENTIFIER = com.sherif.EssentialApp;
				PRODUCT_NAME = "$(TARGET_NAME)";
				SWIFT_VERSION = 5.0;
				TARGETED_DEVICE_FAMILY = "1,2";
			};
			name = Release;
		};
		985B800926D2E44300F66927 /* Debug */ = {
			isa = XCBuildConfiguration;
			buildSettings = {
				ALWAYS_EMBED_SWIFT_STANDARD_LIBRARIES = YES;
				BUNDLE_LOADER = "$(TEST_HOST)";
				CODE_SIGN_STYLE = Automatic;
				DEVELOPMENT_TEAM = N6A67846KN;
				INFOPLIST_FILE = EssentialAppTests/Info.plist;
				IPHONEOS_DEPLOYMENT_TARGET = 14.5;
				LD_RUNPATH_SEARCH_PATHS = (
					"$(inherited)",
					"@executable_path/Frameworks",
					"@loader_path/Frameworks",
				);
				PRODUCT_BUNDLE_IDENTIFIER = com.sherif.EssentialAppTests;
				PRODUCT_NAME = "$(TARGET_NAME)";
				SWIFT_VERSION = 5.0;
				TARGETED_DEVICE_FAMILY = "1,2";
				TEST_HOST = "$(BUILT_PRODUCTS_DIR)/EssentialApp.app/EssentialApp";
			};
			name = Debug;
		};
		985B800A26D2E44300F66927 /* Release */ = {
			isa = XCBuildConfiguration;
			buildSettings = {
				ALWAYS_EMBED_SWIFT_STANDARD_LIBRARIES = YES;
				BUNDLE_LOADER = "$(TEST_HOST)";
				CODE_SIGN_STYLE = Automatic;
				DEVELOPMENT_TEAM = N6A67846KN;
				INFOPLIST_FILE = EssentialAppTests/Info.plist;
				IPHONEOS_DEPLOYMENT_TARGET = 14.5;
				LD_RUNPATH_SEARCH_PATHS = (
					"$(inherited)",
					"@executable_path/Frameworks",
					"@loader_path/Frameworks",
				);
				PRODUCT_BUNDLE_IDENTIFIER = com.sherif.EssentialAppTests;
				PRODUCT_NAME = "$(TARGET_NAME)";
				SWIFT_VERSION = 5.0;
				TARGETED_DEVICE_FAMILY = "1,2";
				TEST_HOST = "$(BUILT_PRODUCTS_DIR)/EssentialApp.app/EssentialApp";
			};
			name = Release;
		};
		985B800C26D2E44300F66927 /* Debug */ = {
			isa = XCBuildConfiguration;
			buildSettings = {
				ALWAYS_EMBED_SWIFT_STANDARD_LIBRARIES = YES;
				CODE_SIGN_STYLE = Automatic;
				DEVELOPMENT_TEAM = N6A67846KN;
				INFOPLIST_FILE = EssentialAppUITests/Info.plist;
				LD_RUNPATH_SEARCH_PATHS = (
					"$(inherited)",
					"@executable_path/Frameworks",
					"@loader_path/Frameworks",
				);
				PRODUCT_BUNDLE_IDENTIFIER = com.sherif.EssentialAppUITests;
				PRODUCT_NAME = "$(TARGET_NAME)";
				SWIFT_VERSION = 5.0;
				TARGETED_DEVICE_FAMILY = "1,2";
				TEST_TARGET_NAME = EssentialApp;
			};
			name = Debug;
		};
		985B800D26D2E44300F66927 /* Release */ = {
			isa = XCBuildConfiguration;
			buildSettings = {
				ALWAYS_EMBED_SWIFT_STANDARD_LIBRARIES = YES;
				CODE_SIGN_STYLE = Automatic;
				DEVELOPMENT_TEAM = N6A67846KN;
				INFOPLIST_FILE = EssentialAppUITests/Info.plist;
				LD_RUNPATH_SEARCH_PATHS = (
					"$(inherited)",
					"@executable_path/Frameworks",
					"@loader_path/Frameworks",
				);
				PRODUCT_BUNDLE_IDENTIFIER = com.sherif.EssentialAppUITests;
				PRODUCT_NAME = "$(TARGET_NAME)";
				SWIFT_VERSION = 5.0;
				TARGETED_DEVICE_FAMILY = "1,2";
				TEST_TARGET_NAME = EssentialApp;
			};
			name = Release;
		};
/* End XCBuildConfiguration section */

/* Begin XCConfigurationList section */
		985B7FD626D2E43F00F66927 /* Build configuration list for PBXProject "EssentialApp" */ = {
			isa = XCConfigurationList;
			buildConfigurations = (
				985B800326D2E44300F66927 /* Debug */,
				985B800426D2E44300F66927 /* Release */,
			);
			defaultConfigurationIsVisible = 0;
			defaultConfigurationName = Release;
		};
		985B800526D2E44300F66927 /* Build configuration list for PBXNativeTarget "EssentialApp" */ = {
			isa = XCConfigurationList;
			buildConfigurations = (
				985B800626D2E44300F66927 /* Debug */,
				985B800726D2E44300F66927 /* Release */,
			);
			defaultConfigurationIsVisible = 0;
			defaultConfigurationName = Release;
		};
		985B800826D2E44300F66927 /* Build configuration list for PBXNativeTarget "EssentialAppTests" */ = {
			isa = XCConfigurationList;
			buildConfigurations = (
				985B800926D2E44300F66927 /* Debug */,
				985B800A26D2E44300F66927 /* Release */,
			);
			defaultConfigurationIsVisible = 0;
			defaultConfigurationName = Release;
		};
		985B800B26D2E44300F66927 /* Build configuration list for PBXNativeTarget "EssentialAppUITests" */ = {
			isa = XCConfigurationList;
			buildConfigurations = (
				985B800C26D2E44300F66927 /* Debug */,
				985B800D26D2E44300F66927 /* Release */,
			);
			defaultConfigurationIsVisible = 0;
			defaultConfigurationName = Release;
		};
/* End XCConfigurationList section */
	};
	rootObject = 985B7FD326D2E43F00F66927 /* Project object */;
}
